# THIS IS AN AUTOGENERATED FILE. DO NOT EDIT THIS FILE DIRECTLY.
# yarn lockfile v1


"@babel/parser@^7.16.4":
  version "7.17.0"
  resolved "https://registry.yarnpkg.com/@babel/parser/-/parser-7.17.0.tgz#f0ac33eddbe214e4105363bb17c3341c5ffcc43c"

"@nodelib/fs.scandir@2.1.5":
  version "2.1.5"
  resolved "https://registry.yarnpkg.com/@nodelib/fs.scandir/-/fs.scandir-2.1.5.tgz#7619c2eb21b25483f6d167548b4cfd5a7488c3d5"
  dependencies:
    "@nodelib/fs.stat" "2.0.5"
    run-parallel "^1.1.9"

"@nodelib/fs.stat@2.0.5", "@nodelib/fs.stat@^2.0.2":
  version "2.0.5"
  resolved "https://registry.yarnpkg.com/@nodelib/fs.stat/-/fs.stat-2.0.5.tgz#5bd262af94e9d25bd1e71b05deed44876a222e8b"

"@nodelib/fs.walk@^1.2.3":
  version "1.2.8"
  resolved "https://registry.yarnpkg.com/@nodelib/fs.walk/-/fs.walk-1.2.8.tgz#e95737e8bb6746ddedf69c556953494f196fe69a"
  dependencies:
    "@nodelib/fs.scandir" "2.1.5"
    fastq "^1.6.0"

"@types/debug@^4.1.7":
  version "4.1.7"
  resolved "https://registry.yarnpkg.com/@types/debug/-/debug-4.1.7.tgz#7cc0ea761509124709b8b2d1090d8f6c17aadb82"
  dependencies:
    "@types/ms" "*"

"@types/fs-extra@^9.0.13":
  version "9.0.13"
  resolved "https://registry.yarnpkg.com/@types/fs-extra/-/fs-extra-9.0.13.tgz#7594fbae04fe7f1918ce8b3d213f74ff44ac1f45"
  dependencies:
    "@types/node" "*"

"@types/hash-sum@^1.0.0":
  version "1.0.0"
  resolved "https://registry.yarnpkg.com/@types/hash-sum/-/hash-sum-1.0.0.tgz#838f4e8627887d42b162d05f3d96ca636c2bc504"

"@types/linkify-it@*":
  version "3.0.2"
  resolved "https://registry.npmjs.org/@types/linkify-it/-/linkify-it-3.0.2.tgz"

"@types/markdown-it@^12.2.3":
  version "12.2.3"
  resolved "https://registry.yarnpkg.com/@types/markdown-it/-/markdown-it-12.2.3.tgz#0d6f6e5e413f8daaa26522904597be3d6cd93b51"
  dependencies:
    "@types/linkify-it" "*"
    "@types/mdurl" "*"

"@types/mdurl@*":
  version "1.0.2"
  resolved "https://registry.npmjs.org/@types/mdurl/-/mdurl-1.0.2.tgz"

"@types/ms@*":
  version "0.7.31"
  resolved "https://registry.yarnpkg.com/@types/ms/-/ms-0.7.31.tgz#31b7ca6407128a3d2bbc27fe2d21b345397f6197"

"@types/node@*":
  version "17.0.13"
  resolved "https://registry.npmjs.org/@types/node/-/node-17.0.13.tgz"

"@vitejs/plugin-vue@^2.1.0":
  version "2.1.0"
  resolved "https://registry.yarnpkg.com/@vitejs/plugin-vue/-/plugin-vue-2.1.0.tgz#ddf5e0059f84f2ff649afc25ce5a59211e670542"

"@vue/compiler-core@3.2.29":
  version "3.2.29"
  resolved "https://registry.yarnpkg.com/@vue/compiler-core/-/compiler-core-3.2.29.tgz#b06097ab8ff0493177c68c5ea5b63d379a061097"
  dependencies:
    "@babel/parser" "^7.16.4"
    "@vue/shared" "3.2.29"
    estree-walker "^2.0.2"
    source-map "^0.6.1"

"@vue/compiler-dom@3.2.29":
  version "3.2.29"
  resolved "https://registry.yarnpkg.com/@vue/compiler-dom/-/compiler-dom-3.2.29.tgz#ad0ead405bd2f2754161335aad9758aa12430715"
  dependencies:
    "@vue/compiler-core" "3.2.29"
    "@vue/shared" "3.2.29"

"@vue/compiler-sfc@3.2.29", "@vue/compiler-sfc@^3.2.28":
  version "3.2.29"
  resolved "https://registry.yarnpkg.com/@vue/compiler-sfc/-/compiler-sfc-3.2.29.tgz#f76d556cd5fca6a55a3ea84c88db1a2a53a36ead"
  dependencies:
    "@babel/parser" "^7.16.4"
    "@vue/compiler-core" "3.2.29"
    "@vue/compiler-dom" "3.2.29"
    "@vue/compiler-ssr" "3.2.29"
    "@vue/reactivity-transform" "3.2.29"
    "@vue/shared" "3.2.29"
    estree-walker "^2.0.2"
    magic-string "^0.25.7"
    postcss "^8.1.10"
    source-map "^0.6.1"

"@vue/compiler-ssr@3.2.29":
  version "3.2.29"
  resolved "https://registry.yarnpkg.com/@vue/compiler-ssr/-/compiler-ssr-3.2.29.tgz#37b15b32dcd2f6b410bb61fca3f37b1a92b7eb1e"
  dependencies:
    "@vue/compiler-dom" "3.2.29"
    "@vue/shared" "3.2.29"

"@vue/devtools-api@^6.0.0-beta.11", "@vue/devtools-api@^6.0.0-beta.18", "@vue/devtools-api@^6.0.0-beta.21.1":
  version "6.0.0-beta.21.1"
  resolved "https://registry.yarnpkg.com/@vue/devtools-api/-/devtools-api-6.0.0-beta.21.1.tgz#f1410f53c42aa67fa3b01ca7bdba891f69d7bc97"

"@vue/reactivity-transform@3.2.29":
  version "3.2.29"
  resolved "https://registry.yarnpkg.com/@vue/reactivity-transform/-/reactivity-transform-3.2.29.tgz#a08d606e10016b7cf588d1a43dae4db2953f9354"
  dependencies:
    "@babel/parser" "^7.16.4"
    "@vue/compiler-core" "3.2.29"
    "@vue/shared" "3.2.29"
    estree-walker "^2.0.2"
    magic-string "^0.25.7"

"@vue/reactivity@3.2.29":
  version "3.2.29"
  resolved "https://registry.yarnpkg.com/@vue/reactivity/-/reactivity-3.2.29.tgz#afdc9c111d4139b14600be17ad80267212af6052"
  dependencies:
    "@vue/shared" "3.2.29"

"@vue/runtime-core@3.2.29":
  version "3.2.29"
  resolved "https://registry.yarnpkg.com/@vue/runtime-core/-/runtime-core-3.2.29.tgz#fb8577b2fcf52e8d967bd91cdf49ab9fb91f9417"
  dependencies:
    "@vue/reactivity" "3.2.29"
    "@vue/shared" "3.2.29"

"@vue/runtime-dom@3.2.29":
  version "3.2.29"
  resolved "https://registry.yarnpkg.com/@vue/runtime-dom/-/runtime-dom-3.2.29.tgz#35e9a2bf04ef80b86ac2ca0e7b2ceaccf1e18f01"
  dependencies:
    "@vue/runtime-core" "3.2.29"
    "@vue/shared" "3.2.29"
    csstype "^2.6.8"

"@vue/server-renderer@3.2.29", "@vue/server-renderer@^3.2.28":
  version "3.2.29"
  resolved "https://registry.yarnpkg.com/@vue/server-renderer/-/server-renderer-3.2.29.tgz#ea6afa361b9c781a868c8da18c761f9b7bc89102"
  dependencies:
    "@vue/compiler-ssr" "3.2.29"
    "@vue/shared" "3.2.29"

"@vue/shared@3.2.29", "@vue/shared@^3.2.28":
  version "3.2.29"
  resolved "https://registry.yarnpkg.com/@vue/shared/-/shared-3.2.29.tgz#07dac7051117236431d2f737d16932aa38bbb925"

"@vuepress/bundler-vite@2.0.0-beta.35":
  version "2.0.0-beta.35"
  resolved "https://registry.yarnpkg.com/@vuepress/bundler-vite/-/bundler-vite-2.0.0-beta.35.tgz#deba9f4c5d6a88fc8afa9850588e4f4b65b5531f"
  dependencies:
    "@vitejs/plugin-vue" "^2.1.0"
    "@vue/compiler-sfc" "^3.2.28"
    "@vue/server-renderer" "^3.2.28"
    "@vuepress/client" "2.0.0-beta.35"
    "@vuepress/core" "2.0.0-beta.35"
    "@vuepress/shared" "2.0.0-beta.35"
    "@vuepress/utils" "2.0.0-beta.35"
    autoprefixer "^10.4.2"
    connect-history-api-fallback "^1.6.0"
    postcss "^8.4.5"
    postcss-csso "^6.0.0"
    rollup "^2.66.0"
    vite "^2.7.13"
    vue "^3.2.28"
    vue-router "^4.0.12"

"@vuepress/cli@2.0.0-beta.35":
  version "2.0.0-beta.35"
  resolved "https://registry.yarnpkg.com/@vuepress/cli/-/cli-2.0.0-beta.35.tgz#d217ad3bd4039600a569844bc20f316134f7345e"
  dependencies:
    "@vuepress/core" "2.0.0-beta.35"
    "@vuepress/utils" "2.0.0-beta.35"
    cac "^6.7.12"
    chokidar "^3.5.3"
    envinfo "^7.8.1"
    esbuild "^0.13.12"

"@vuepress/client@2.0.0-beta.35":
  version "2.0.0-beta.35"
  resolved "https://registry.yarnpkg.com/@vuepress/client/-/client-2.0.0-beta.35.tgz#943b3b84e882a1b0c5e50b46dc1f12df557e71a2"
  dependencies:
    "@vue/devtools-api" "^6.0.0-beta.21.1"
    "@vuepress/shared" "2.0.0-beta.35"
    vue "^3.2.28"
    vue-router "^4.0.12"

"@vuepress/core@2.0.0-beta.35":
  version "2.0.0-beta.35"
  resolved "https://registry.yarnpkg.com/@vuepress/core/-/core-2.0.0-beta.35.tgz#113678e29d37b1000bb17dfe1240345be42e1f75"
  dependencies:
    "@vuepress/client" "2.0.0-beta.35"
    "@vuepress/markdown" "2.0.0-beta.35"
    "@vuepress/shared" "2.0.0-beta.35"
    "@vuepress/utils" "2.0.0-beta.35"
    gray-matter "^4.0.3"
    toml "^3.0.0"

"@vuepress/markdown@2.0.0-beta.35":
  version "2.0.0-beta.35"
  resolved "https://registry.yarnpkg.com/@vuepress/markdown/-/markdown-2.0.0-beta.35.tgz#997eac52e2913eb23dbec280de49377b17a88086"
  dependencies:
    "@types/markdown-it" "^12.2.3"
    "@vuepress/shared" "2.0.0-beta.35"
    "@vuepress/utils" "2.0.0-beta.35"
    markdown-it "^12.3.2"
    markdown-it-anchor "^8.4.1"
    markdown-it-emoji "^2.0.0"
    mdurl "^1.0.1"

"@vuepress/plugin-active-header-links@2.0.0-beta.35":
  version "2.0.0-beta.35"
  resolved "https://registry.yarnpkg.com/@vuepress/plugin-active-header-links/-/plugin-active-header-links-2.0.0-beta.35.tgz#55418356f040db84e77ae3a72b7ccaa4026b1099"
  dependencies:
    "@vuepress/client" "2.0.0-beta.35"
    "@vuepress/core" "2.0.0-beta.35"
    "@vuepress/utils" "2.0.0-beta.35"
    ts-debounce "^4.0.0"
    vue "^3.2.28"
    vue-router "^4.0.12"

"@vuepress/plugin-back-to-top@2.0.0-beta.35":
  version "2.0.0-beta.35"
  resolved "https://registry.yarnpkg.com/@vuepress/plugin-back-to-top/-/plugin-back-to-top-2.0.0-beta.35.tgz#5b5e6cb4e2c5a7c49e8c0604c1151faacf4ee89b"
  dependencies:
    "@vuepress/core" "2.0.0-beta.35"
    "@vuepress/utils" "2.0.0-beta.35"
    ts-debounce "^4.0.0"
    vue "^3.2.28"

"@vuepress/plugin-container@2.0.0-beta.35":
  version "2.0.0-beta.35"
  resolved "https://registry.yarnpkg.com/@vuepress/plugin-container/-/plugin-container-2.0.0-beta.35.tgz#3ca6708aec3a953a7955dc44c931a97e2f4ef1c3"
  dependencies:
    "@types/markdown-it" "^12.2.3"
    "@vuepress/core" "2.0.0-beta.35"
    "@vuepress/markdown" "2.0.0-beta.35"
    "@vuepress/shared" "2.0.0-beta.35"
    "@vuepress/utils" "2.0.0-beta.35"
    markdown-it "^12.3.2"
    markdown-it-container "^3.0.0"

"@vuepress/plugin-external-link-icon@2.0.0-beta.35":
  version "2.0.0-beta.35"
  resolved "https://registry.yarnpkg.com/@vuepress/plugin-external-link-icon/-/plugin-external-link-icon-2.0.0-beta.35.tgz#64ca2ee9b3c525106a9eaa87d5c1a8c6db8c1af6"
  dependencies:
    "@vuepress/client" "2.0.0-beta.35"
    "@vuepress/core" "2.0.0-beta.35"
    "@vuepress/markdown" "2.0.0-beta.35"
    "@vuepress/utils" "2.0.0-beta.35"
    vue "^3.2.28"

"@vuepress/plugin-git@2.0.0-beta.35":
  version "2.0.0-beta.35"
  resolved "https://registry.yarnpkg.com/@vuepress/plugin-git/-/plugin-git-2.0.0-beta.35.tgz#faecbb0cd187361b0e4cae7c652eeaf799d7d05d"
  dependencies:
    "@vuepress/core" "2.0.0-beta.35"
    execa "^5.1.1"

"@vuepress/plugin-medium-zoom@2.0.0-beta.35":
  version "2.0.0-beta.35"
  resolved "https://registry.yarnpkg.com/@vuepress/plugin-medium-zoom/-/plugin-medium-zoom-2.0.0-beta.35.tgz#a8f1dee4220ae2375ab445d9bd8ec33640c15ce5"
  dependencies:
    "@vuepress/client" "2.0.0-beta.35"
    "@vuepress/core" "2.0.0-beta.35"
    "@vuepress/utils" "2.0.0-beta.35"
    medium-zoom "^1.0.6"
    vue "^3.2.28"

"@vuepress/plugin-nprogress@2.0.0-beta.35":
  version "2.0.0-beta.35"
  resolved "https://registry.yarnpkg.com/@vuepress/plugin-nprogress/-/plugin-nprogress-2.0.0-beta.35.tgz#8e89d6cddd4fcc36eaef6515db3c0cc0b19aea83"
  dependencies:
    "@vuepress/client" "2.0.0-beta.35"
    "@vuepress/core" "2.0.0-beta.35"
    "@vuepress/utils" "2.0.0-beta.35"
    nprogress "^0.2.0"
    vue "^3.2.28"
    vue-router "^4.0.12"

"@vuepress/plugin-palette@2.0.0-beta.35":
  version "2.0.0-beta.35"
  resolved "https://registry.yarnpkg.com/@vuepress/plugin-palette/-/plugin-palette-2.0.0-beta.35.tgz#f7503ede2ad35b1ba6dd4bae4ec0d13e75f7e51e"
  dependencies:
    "@vuepress/core" "2.0.0-beta.35"
    "@vuepress/utils" "2.0.0-beta.35"
    chokidar "^3.5.3"

"@vuepress/plugin-prismjs@2.0.0-beta.35":
  version "2.0.0-beta.35"
  resolved "https://registry.yarnpkg.com/@vuepress/plugin-prismjs/-/plugin-prismjs-2.0.0-beta.35.tgz#95d2957ac32e5d69d23afc380e346848d8fbbf8d"
  dependencies:
    "@vuepress/core" "2.0.0-beta.35"
    prismjs "^1.26.0"

"@vuepress/plugin-theme-data@2.0.0-beta.35":
  version "2.0.0-beta.35"
  resolved "https://registry.yarnpkg.com/@vuepress/plugin-theme-data/-/plugin-theme-data-2.0.0-beta.35.tgz#ead378f8c8435f00c7939b476f296cec569a9d5b"
  dependencies:
    "@vue/devtools-api" "^6.0.0-beta.21.1"
    "@vuepress/client" "2.0.0-beta.35"
    "@vuepress/core" "2.0.0-beta.35"
    "@vuepress/shared" "2.0.0-beta.35"
    "@vuepress/utils" "2.0.0-beta.35"
    vue "^3.2.28"

"@vuepress/shared@2.0.0-beta.35":
  version "2.0.0-beta.35"
  resolved "https://registry.yarnpkg.com/@vuepress/shared/-/shared-2.0.0-beta.35.tgz#3a717903f18a2c5cbf9e456ac93d904bb8ebd3bf"
  dependencies:
    "@vue/shared" "^3.2.28"

"@vuepress/theme-default@2.0.0-beta.35":
  version "2.0.0-beta.35"
  resolved "https://registry.yarnpkg.com/@vuepress/theme-default/-/theme-default-2.0.0-beta.35.tgz#25f546a35680bd1155ef7b53516a7de77305983c"
  dependencies:
    "@vuepress/client" "2.0.0-beta.35"
    "@vuepress/core" "2.0.0-beta.35"
    "@vuepress/plugin-active-header-links" "2.0.0-beta.35"
    "@vuepress/plugin-back-to-top" "2.0.0-beta.35"
    "@vuepress/plugin-container" "2.0.0-beta.35"
    "@vuepress/plugin-external-link-icon" "2.0.0-beta.35"
    "@vuepress/plugin-git" "2.0.0-beta.35"
    "@vuepress/plugin-medium-zoom" "2.0.0-beta.35"
    "@vuepress/plugin-nprogress" "2.0.0-beta.35"
    "@vuepress/plugin-palette" "2.0.0-beta.35"
    "@vuepress/plugin-prismjs" "2.0.0-beta.35"
    "@vuepress/plugin-theme-data" "2.0.0-beta.35"
    "@vuepress/shared" "2.0.0-beta.35"
    "@vuepress/utils" "2.0.0-beta.35"
    "@vueuse/core" "^7.5.4"
    sass "^1.49.0"
    sass-loader "^12.4.0"
    vue "^3.2.28"
    vue-router "^4.0.12"

"@vuepress/utils@2.0.0-beta.35":
  version "2.0.0-beta.35"
  resolved "https://registry.yarnpkg.com/@vuepress/utils/-/utils-2.0.0-beta.35.tgz#439000c65012b014736fd6bb7e787e22da840bd3"
  dependencies:
    "@types/debug" "^4.1.7"
    "@types/fs-extra" "^9.0.13"
    "@types/hash-sum" "^1.0.0"
    "@vuepress/shared" "2.0.0-beta.35"
    chalk "^4.1.2"
    debug "^4.3.3"
    fs-extra "^10.0.0"
    globby "^11.0.4"
    hash-sum "^2.0.0"
    ora "^5.4.1"
    upath "^2.0.1"

"@vueuse/core@^7.5.4":
  version "7.5.5"
  resolved "https://registry.yarnpkg.com/@vueuse/core/-/core-7.5.5.tgz#c2f2a8783de0884acfb0be25e71ec3c6d1f9c42e"
  dependencies:
    "@vueuse/shared" "7.5.5"
    vue-demi "*"

"@vueuse/shared@7.5.5":
  version "7.5.5"
  resolved "https://registry.yarnpkg.com/@vueuse/shared/-/shared-7.5.5.tgz#0e5c16b848b4a19e5b9ee9199a997e1f6dd39679"
  dependencies:
    vue-demi "*"

ansi-regex@^5.0.1:
  version "5.0.1"
  resolved "https://registry.npmjs.org/ansi-regex/-/ansi-regex-5.0.1.tgz"

ansi-styles@^4.1.0:
  version "4.3.0"
  resolved "https://registry.npmjs.org/ansi-styles/-/ansi-styles-4.3.0.tgz"
  dependencies:
    color-convert "^2.0.1"

anymatch@~3.1.2:
  version "3.1.2"
  resolved "https://registry.npmjs.org/anymatch/-/anymatch-3.1.2.tgz"
  dependencies:
    normalize-path "^3.0.0"
    picomatch "^2.0.4"

argparse@^1.0.7:
  version "1.0.10"
  resolved "https://registry.npmjs.org/argparse/-/argparse-1.0.10.tgz"
  dependencies:
    sprintf-js "~1.0.2"

argparse@^2.0.1:
  version "2.0.1"
  resolved "https://registry.yarnpkg.com/argparse/-/argparse-2.0.1.tgz#246f50f3ca78a3240f6c997e8a9bd1eac49e4b38"

array-union@^2.1.0:
  version "2.1.0"
  resolved "https://registry.yarnpkg.com/array-union/-/array-union-2.1.0.tgz#b798420adbeb1de828d84acd8a2e23d3efe85e8d"

autoprefixer@^10.4.2:
  version "10.4.2"
  resolved "https://registry.yarnpkg.com/autoprefixer/-/autoprefixer-10.4.2.tgz#25e1df09a31a9fba5c40b578936b90d35c9d4d3b"
  dependencies:
    browserslist "^4.19.1"
    caniuse-lite "^1.0.30001297"
    fraction.js "^4.1.2"
    normalize-range "^0.1.2"
    picocolors "^1.0.0"
    postcss-value-parser "^4.2.0"

base64-js@^1.3.1:
  version "1.5.1"
  resolved "https://registry.yarnpkg.com/base64-js/-/base64-js-1.5.1.tgz#1b1b440160a5bf7ad40b650f095963481903930a"

binary-extensions@^2.0.0:
  version "2.2.0"
  resolved "https://registry.npmjs.org/binary-extensions/-/binary-extensions-2.2.0.tgz"

bl@^4.1.0:
  version "4.1.0"
  resolved "https://registry.yarnpkg.com/bl/-/bl-4.1.0.tgz#451535264182bec2fbbc83a62ab98cf11d9f7b3a"
  dependencies:
    buffer "^5.5.0"
    inherits "^2.0.4"
    readable-stream "^3.4.0"

braces@^3.0.1, braces@~3.0.2:
  version "3.0.2"
  resolved "https://registry.npmjs.org/braces/-/braces-3.0.2.tgz"
  dependencies:
    fill-range "^7.0.1"

browserslist@^4.19.1:
  version "4.19.1"
  resolved "https://registry.npmjs.org/browserslist/-/browserslist-4.19.1.tgz"
  dependencies:
    caniuse-lite "^1.0.30001286"
    electron-to-chromium "^1.4.17"
    escalade "^3.1.1"
    node-releases "^2.0.1"
    picocolors "^1.0.0"

buffer@^5.5.0:
  version "5.7.1"
  resolved "https://registry.yarnpkg.com/buffer/-/buffer-5.7.1.tgz#ba62e7c13133053582197160851a8f648e99eed0"
  dependencies:
    base64-js "^1.3.1"
    ieee754 "^1.1.13"

cac@^6.7.12:
  version "6.7.12"
  resolved "https://registry.yarnpkg.com/cac/-/cac-6.7.12.tgz#6fb5ea2ff50bd01490dbda497f4ae75a99415193"

caniuse-lite@^1.0.30001286:
  version "1.0.30001304"
  resolved "https://registry.npmjs.org/caniuse-lite/-/caniuse-lite-1.0.30001304.tgz"

caniuse-lite@^1.0.30001297:
  version "1.0.30001307"
  resolved "https://registry.yarnpkg.com/caniuse-lite/-/caniuse-lite-1.0.30001307.tgz#27a67f13ebc4aa9c977e6b8256a11d5eafb30f27"

chalk@^4.1.0, chalk@^4.1.2:
  version "4.1.2"
  resolved "https://registry.yarnpkg.com/chalk/-/chalk-4.1.2.tgz#aac4e2b7734a740867aeb16bf02aad556a1e7a01"
  dependencies:
    ansi-styles "^4.1.0"
    supports-color "^7.1.0"

"chokidar@>=3.0.0 <4.0.0", chokidar@^3.5.3:
  version "3.5.3"
  resolved "https://registry.yarnpkg.com/chokidar/-/chokidar-3.5.3.tgz#1cf37c8707b932bd1af1ae22c0432e2acd1903bd"
  dependencies:
    anymatch "~3.1.2"
    braces "~3.0.2"
    glob-parent "~5.1.2"
    is-binary-path "~2.1.0"
    is-glob "~4.0.1"
    normalize-path "~3.0.0"
    readdirp "~3.6.0"
  optionalDependencies:
    fsevents "~2.3.2"

cli-cursor@^3.1.0:
  version "3.1.0"
  resolved "https://registry.yarnpkg.com/cli-cursor/-/cli-cursor-3.1.0.tgz#264305a7ae490d1d03bf0c9ba7c925d1753af307"
  dependencies:
    restore-cursor "^3.1.0"

cli-spinners@^2.5.0:
  version "2.6.1"
  resolved "https://registry.yarnpkg.com/cli-spinners/-/cli-spinners-2.6.1.tgz#adc954ebe281c37a6319bfa401e6dd2488ffb70d"

clone@^1.0.2:
  version "1.0.4"
  resolved "https://registry.yarnpkg.com/clone/-/clone-1.0.4.tgz#da309cc263df15994c688ca902179ca3c7cd7c7e"

color-convert@^2.0.1:
  version "2.0.1"
  resolved "https://registry.npmjs.org/color-convert/-/color-convert-2.0.1.tgz"
  dependencies:
    color-name "~1.1.4"

color-name@~1.1.4:
  version "1.1.4"
  resolved "https://registry.npmjs.org/color-name/-/color-name-1.1.4.tgz"

connect-history-api-fallback@^1.6.0:
  version "1.6.0"
  resolved "https://registry.npmjs.org/connect-history-api-fallback/-/connect-history-api-fallback-1.6.0.tgz"

cross-spawn@^7.0.3:
  version "7.0.3"
  resolved "https://registry.yarnpkg.com/cross-spawn/-/cross-spawn-7.0.3.tgz#f73a85b9d5d41d045551c177e2882d4ac85728a6"
  dependencies:
    path-key "^3.1.0"
    shebang-command "^2.0.0"
    which "^2.0.1"

css-tree@~2.0.4:
  version "2.0.4"
  resolved "https://registry.yarnpkg.com/css-tree/-/css-tree-2.0.4.tgz#be44314f17e9ac85fe894a5888941782e1123c29"
  dependencies:
    mdn-data "2.0.23"
    source-map-js "^1.0.1"

csso@^5.0.1:
  version "5.0.2"
  resolved "https://registry.yarnpkg.com/csso/-/csso-5.0.2.tgz#74b585e8a5acd655132ae80d9ca32fb126e0b0bb"
  dependencies:
    css-tree "~2.0.4"

csstype@^2.6.8:
  version "2.6.19"
  resolved "https://registry.yarnpkg.com/csstype/-/csstype-2.6.19.tgz#feeb5aae89020bb389e1f63669a5ed490e391caa"

debug@^4.3.3:
  version "4.3.3"
  resolved "https://registry.yarnpkg.com/debug/-/debug-4.3.3.tgz#04266e0b70a98d4462e6e288e38259213332b664"
  dependencies:
    ms "2.1.2"

defaults@^1.0.3:
  version "1.0.3"
  resolved "https://registry.yarnpkg.com/defaults/-/defaults-1.0.3.tgz#c656051e9817d9ff08ed881477f3fe4019f3ef7d"
  dependencies:
    clone "^1.0.2"

dir-glob@^3.0.1:
  version "3.0.1"
  resolved "https://registry.yarnpkg.com/dir-glob/-/dir-glob-3.0.1.tgz#56dbf73d992a4a93ba1584f4534063fd2e41717f"
  dependencies:
    path-type "^4.0.0"

electron-to-chromium@^1.4.17:
  version "1.4.57"
  resolved "https://registry.npmjs.org/electron-to-chromium/-/electron-to-chromium-1.4.57.tgz"

entities@~2.1.0:
  version "2.1.0"
  resolved "https://registry.yarnpkg.com/entities/-/entities-2.1.0.tgz#992d3129cf7df6870b96c57858c249a120f8b8b5"

envinfo@^7.8.1:
  version "7.8.1"
  resolved "https://registry.yarnpkg.com/envinfo/-/envinfo-7.8.1.tgz#06377e3e5f4d379fea7ac592d5ad8927e0c4d475"

esbuild-android-arm64@0.13.15:
  version "0.13.15"
  resolved "https://registry.yarnpkg.com/esbuild-android-arm64/-/esbuild-android-arm64-0.13.15.tgz#3fc3ff0bab76fe35dd237476b5d2b32bb20a3d44"

esbuild-darwin-64@0.13.15:
  version "0.13.15"
  resolved "https://registry.yarnpkg.com/esbuild-darwin-64/-/esbuild-darwin-64-0.13.15.tgz#8e9169c16baf444eacec60d09b24d11b255a8e72"

esbuild-darwin-arm64@0.13.15:
  version "0.13.15"
  resolved "https://registry.yarnpkg.com/esbuild-darwin-arm64/-/esbuild-darwin-arm64-0.13.15.tgz#1b07f893b632114f805e188ddfca41b2b778229a"

esbuild-freebsd-64@0.13.15:
  version "0.13.15"
  resolved "https://registry.yarnpkg.com/esbuild-freebsd-64/-/esbuild-freebsd-64-0.13.15.tgz#0b8b7eca1690c8ec94c75680c38c07269c1f4a85"

esbuild-freebsd-arm64@0.13.15:
  version "0.13.15"
  resolved "https://registry.yarnpkg.com/esbuild-freebsd-arm64/-/esbuild-freebsd-arm64-0.13.15.tgz#2e1a6c696bfdcd20a99578b76350b41db1934e52"

esbuild-linux-32@0.13.15:
  version "0.13.15"
  resolved "https://registry.yarnpkg.com/esbuild-linux-32/-/esbuild-linux-32-0.13.15.tgz#6fd39f36fc66dd45b6b5f515728c7bbebc342a69"

esbuild-linux-64@0.13.15:
  version "0.13.15"
  resolved "https://registry.yarnpkg.com/esbuild-linux-64/-/esbuild-linux-64-0.13.15.tgz#9cb8e4bcd7574e67946e4ee5f1f1e12386bb6dd3"

esbuild-linux-arm64@0.13.15:
  version "0.13.15"
  resolved "https://registry.yarnpkg.com/esbuild-linux-arm64/-/esbuild-linux-arm64-0.13.15.tgz#3891aa3704ec579a1b92d2a586122e5b6a2bfba1"

esbuild-linux-arm@0.13.15:
  version "0.13.15"
  resolved "https://registry.yarnpkg.com/esbuild-linux-arm/-/esbuild-linux-arm-0.13.15.tgz#8a00e99e6a0c6c9a6b7f334841364d8a2b4aecfe"

esbuild-linux-mips64le@0.13.15:
  version "0.13.15"
  resolved "https://registry.yarnpkg.com/esbuild-linux-mips64le/-/esbuild-linux-mips64le-0.13.15.tgz#36b07cc47c3d21e48db3bb1f4d9ef8f46aead4f7"

esbuild-linux-ppc64le@0.13.15:
  version "0.13.15"
  resolved "https://registry.yarnpkg.com/esbuild-linux-ppc64le/-/esbuild-linux-ppc64le-0.13.15.tgz#f7e6bba40b9a11eb9dcae5b01550ea04670edad2"

esbuild-netbsd-64@0.13.15:
  version "0.13.15"
  resolved "https://registry.yarnpkg.com/esbuild-netbsd-64/-/esbuild-netbsd-64-0.13.15.tgz#a2fedc549c2b629d580a732d840712b08d440038"

esbuild-openbsd-64@0.13.15:
  version "0.13.15"
  resolved "https://registry.yarnpkg.com/esbuild-openbsd-64/-/esbuild-openbsd-64-0.13.15.tgz#b22c0e5806d3a1fbf0325872037f885306b05cd7"

esbuild-sunos-64@0.13.15:
  version "0.13.15"
  resolved "https://registry.yarnpkg.com/esbuild-sunos-64/-/esbuild-sunos-64-0.13.15.tgz#d0b6454a88375ee8d3964daeff55c85c91c7cef4"

esbuild-windows-32@0.13.15:
  version "0.13.15"
  resolved "https://registry.yarnpkg.com/esbuild-windows-32/-/esbuild-windows-32-0.13.15.tgz#c96d0b9bbb52f3303322582ef8e4847c5ad375a7"

esbuild-windows-64@0.13.15:
  version "0.13.15"
  resolved "https://registry.yarnpkg.com/esbuild-windows-64/-/esbuild-windows-64-0.13.15.tgz#1f79cb9b1e1bb02fb25cd414cb90d4ea2892c294"

esbuild-windows-arm64@0.13.15:
  version "0.13.15"
  resolved "https://registry.yarnpkg.com/esbuild-windows-arm64/-/esbuild-windows-arm64-0.13.15.tgz#482173070810df22a752c686509c370c3be3b3c3"

esbuild@^0.13.12:
  version "0.13.15"
  resolved "https://registry.yarnpkg.com/esbuild/-/esbuild-0.13.15.tgz#db56a88166ee373f87dbb2d8798ff449e0450cdf"
  optionalDependencies:
    esbuild-android-arm64 "0.13.15"
    esbuild-darwin-64 "0.13.15"
    esbuild-darwin-arm64 "0.13.15"
    esbuild-freebsd-64 "0.13.15"
    esbuild-freebsd-arm64 "0.13.15"
    esbuild-linux-32 "0.13.15"
    esbuild-linux-64 "0.13.15"
    esbuild-linux-arm "0.13.15"
    esbuild-linux-arm64 "0.13.15"
    esbuild-linux-mips64le "0.13.15"
    esbuild-linux-ppc64le "0.13.15"
    esbuild-netbsd-64 "0.13.15"
    esbuild-openbsd-64 "0.13.15"
    esbuild-sunos-64 "0.13.15"
    esbuild-windows-32 "0.13.15"
    esbuild-windows-64 "0.13.15"
    esbuild-windows-arm64 "0.13.15"

escalade@^3.1.1:
  version "3.1.1"
  resolved "https://registry.npmjs.org/escalade/-/escalade-3.1.1.tgz"

esprima@^4.0.0:
  version "4.0.1"
  resolved "https://registry.npmjs.org/esprima/-/esprima-4.0.1.tgz"

estree-walker@^2.0.2:
  version "2.0.2"
  resolved "https://registry.yarnpkg.com/estree-walker/-/estree-walker-2.0.2.tgz#52f010178c2a4c117a7757cfe942adb7d2da4cac"

execa@^5.1.1:
  version "5.1.1"
  resolved "https://registry.yarnpkg.com/execa/-/execa-5.1.1.tgz#f80ad9cbf4298f7bd1d4c9555c21e93741c411dd"
  dependencies:
    cross-spawn "^7.0.3"
    get-stream "^6.0.0"
    human-signals "^2.1.0"
    is-stream "^2.0.0"
    merge-stream "^2.0.0"
    npm-run-path "^4.0.1"
    onetime "^5.1.2"
    signal-exit "^3.0.3"
    strip-final-newline "^2.0.0"

extend-shallow@^2.0.1:
  version "2.0.1"
  resolved "https://registry.npmjs.org/extend-shallow/-/extend-shallow-2.0.1.tgz"
  dependencies:
    is-extendable "^0.1.0"

fast-glob@^3.2.9:
  version "3.2.11"
  resolved "https://registry.yarnpkg.com/fast-glob/-/fast-glob-3.2.11.tgz#a1172ad95ceb8a16e20caa5c5e56480e5129c1d9"
  dependencies:
    "@nodelib/fs.stat" "^2.0.2"
    "@nodelib/fs.walk" "^1.2.3"
    glob-parent "^5.1.2"
    merge2 "^1.3.0"
    micromatch "^4.0.4"

fastq@^1.6.0:
  version "1.13.0"
  resolved "https://registry.yarnpkg.com/fastq/-/fastq-1.13.0.tgz#616760f88a7526bdfc596b7cab8c18938c36b98c"
  dependencies:
    reusify "^1.0.4"

fill-range@^7.0.1:
  version "7.0.1"
  resolved "https://registry.npmjs.org/fill-range/-/fill-range-7.0.1.tgz"
  dependencies:
    to-regex-range "^5.0.1"

fraction.js@^4.1.2:
  version "4.1.2"
  resolved "https://registry.yarnpkg.com/fraction.js/-/fraction.js-4.1.2.tgz#13e420a92422b6cf244dff8690ed89401029fbe8"

fs-extra@^10.0.0:
  version "10.0.0"
  resolved "https://registry.yarnpkg.com/fs-extra/-/fs-extra-10.0.0.tgz#9ff61b655dde53fb34a82df84bb214ce802e17c1"
  dependencies:
    graceful-fs "^4.2.0"
    jsonfile "^6.0.1"
    universalify "^2.0.0"

fsevents@~2.3.2:
  version "2.3.2"
  resolved "https://registry.yarnpkg.com/fsevents/-/fsevents-2.3.2.tgz#8a526f78b8fdf4623b709e0b975c52c24c02fd1a"

function-bind@^1.1.1:
  version "1.1.1"
  resolved "https://registry.npmjs.org/function-bind/-/function-bind-1.1.1.tgz"

get-stream@^6.0.0:
  version "6.0.1"
  resolved "https://registry.yarnpkg.com/get-stream/-/get-stream-6.0.1.tgz#a262d8eef67aced57c2852ad6167526a43cbf7b7"

glob-parent@^5.1.2, glob-parent@~5.1.2:
  version "5.1.2"
  resolved "https://registry.npmjs.org/glob-parent/-/glob-parent-5.1.2.tgz"
  dependencies:
    is-glob "^4.0.1"

globby@^11.0.4:
  version "11.1.0"
  resolved "https://registry.yarnpkg.com/globby/-/globby-11.1.0.tgz#bd4be98bb042f83d796f7e3811991fbe82a0d34b"
  dependencies:
    array-union "^2.1.0"
    dir-glob "^3.0.1"
    fast-glob "^3.2.9"
    ignore "^5.2.0"
    merge2 "^1.4.1"
    slash "^3.0.0"

graceful-fs@^4.1.6, graceful-fs@^4.2.0:
  version "4.2.9"
  resolved "https://registry.yarnpkg.com/graceful-fs/-/graceful-fs-4.2.9.tgz#041b05df45755e587a24942279b9d113146e1c96"

gray-matter@^4.0.3:
  version "4.0.3"
  resolved "https://registry.yarnpkg.com/gray-matter/-/gray-matter-4.0.3.tgz#e893c064825de73ea1f5f7d88c7a9f7274288798"
  dependencies:
    js-yaml "^3.13.1"
    kind-of "^6.0.2"
    section-matter "^1.0.0"
    strip-bom-string "^1.0.0"

has-flag@^4.0.0:
  version "4.0.0"
  resolved "https://registry.npmjs.org/has-flag/-/has-flag-4.0.0.tgz"

has@^1.0.3:
  version "1.0.3"
  resolved "https://registry.npmjs.org/has/-/has-1.0.3.tgz"
  dependencies:
    function-bind "^1.1.1"

hash-sum@^2.0.0:
  version "2.0.0"
  resolved "https://registry.yarnpkg.com/hash-sum/-/hash-sum-2.0.0.tgz#81d01bb5de8ea4a214ad5d6ead1b523460b0b45a"

human-signals@^2.1.0:
  version "2.1.0"
  resolved "https://registry.yarnpkg.com/human-signals/-/human-signals-2.1.0.tgz#dc91fcba42e4d06e4abaed33b3e7a3c02f514ea0"

ieee754@^1.1.13:
  version "1.2.1"
  resolved "https://registry.yarnpkg.com/ieee754/-/ieee754-1.2.1.tgz#8eb7a10a63fff25d15a57b001586d177d1b0d352"

ignore@^5.2.0:
  version "5.2.0"
  resolved "https://registry.yarnpkg.com/ignore/-/ignore-5.2.0.tgz#6d3bac8fa7fe0d45d9f9be7bac2fc279577e345a"

immutable@^4.0.0:
  version "4.0.0"
  resolved "https://registry.yarnpkg.com/immutable/-/immutable-4.0.0.tgz#b86f78de6adef3608395efb269a91462797e2c23"

inherits@^2.0.3, inherits@^2.0.4:
  version "2.0.4"
  resolved "https://registry.npmjs.org/inherits/-/inherits-2.0.4.tgz"

is-binary-path@~2.1.0:
  version "2.1.0"
  resolved "https://registry.npmjs.org/is-binary-path/-/is-binary-path-2.1.0.tgz"
  dependencies:
    binary-extensions "^2.0.0"

is-core-module@^2.8.1:
  version "2.8.1"
  resolved "https://registry.npmjs.org/is-core-module/-/is-core-module-2.8.1.tgz"
  dependencies:
    has "^1.0.3"

is-extendable@^0.1.0:
  version "0.1.1"
  resolved "https://registry.npmjs.org/is-extendable/-/is-extendable-0.1.1.tgz"

is-extglob@^2.1.1:
  version "2.1.1"
  resolved "https://registry.npmjs.org/is-extglob/-/is-extglob-2.1.1.tgz"

is-glob@^4.0.1, is-glob@~4.0.1:
  version "4.0.3"
  resolved "https://registry.npmjs.org/is-glob/-/is-glob-4.0.3.tgz"
  dependencies:
    is-extglob "^2.1.1"

is-interactive@^1.0.0:
  version "1.0.0"
  resolved "https://registry.yarnpkg.com/is-interactive/-/is-interactive-1.0.0.tgz#cea6e6ae5c870a7b0a0004070b7b587e0252912e"

is-number@^7.0.0:
  version "7.0.0"
  resolved "https://registry.npmjs.org/is-number/-/is-number-7.0.0.tgz"

is-stream@^2.0.0:
  version "2.0.1"
  resolved "https://registry.yarnpkg.com/is-stream/-/is-stream-2.0.1.tgz#fac1e3d53b97ad5a9d0ae9cef2389f5810a5c077"

is-unicode-supported@^0.1.0:
  version "0.1.0"
  resolved "https://registry.yarnpkg.com/is-unicode-supported/-/is-unicode-supported-0.1.0.tgz#3f26c76a809593b52bfa2ecb5710ed2779b522a7"

isexe@^2.0.0:
  version "2.0.0"
  resolved "https://registry.npmjs.org/isexe/-/isexe-2.0.0.tgz"

js-yaml@^3.13.1:
  version "3.14.1"
  resolved "https://registry.npmjs.org/js-yaml/-/js-yaml-3.14.1.tgz"
  dependencies:
    argparse "^1.0.7"
    esprima "^4.0.0"

jsonfile@^6.0.1:
  version "6.1.0"
  resolved "https://registry.yarnpkg.com/jsonfile/-/jsonfile-6.1.0.tgz#bc55b2634793c679ec6403094eb13698a6ec0aae"
  dependencies:
    universalify "^2.0.0"
  optionalDependencies:
    graceful-fs "^4.1.6"

kind-of@^6.0.0, kind-of@^6.0.2:
  version "6.0.3"
  resolved "https://registry.npmjs.org/kind-of/-/kind-of-6.0.3.tgz"

klona@^2.0.4:
  version "2.0.5"
  resolved "https://registry.yarnpkg.com/klona/-/klona-2.0.5.tgz#d166574d90076395d9963aa7a928fabb8d76afbc"

linkify-it@^3.0.1:
  version "3.0.3"
  resolved "https://registry.yarnpkg.com/linkify-it/-/linkify-it-3.0.3.tgz#a98baf44ce45a550efb4d49c769d07524cc2fa2e"
  dependencies:
    uc.micro "^1.0.1"

log-symbols@^4.1.0:
  version "4.1.0"
  resolved "https://registry.yarnpkg.com/log-symbols/-/log-symbols-4.1.0.tgz#3fbdbb95b4683ac9fc785111e792e558d4abd503"
  dependencies:
    chalk "^4.1.0"
    is-unicode-supported "^0.1.0"

magic-string@^0.25.7:
  version "0.25.7"
  resolved "https://registry.yarnpkg.com/magic-string/-/magic-string-0.25.7.tgz#3f497d6fd34c669c6798dcb821f2ef31f5445051"
  dependencies:
    sourcemap-codec "^1.4.4"

markdown-it-anchor@^8.4.1:
  version "8.4.1"
  resolved "https://registry.yarnpkg.com/markdown-it-anchor/-/markdown-it-anchor-8.4.1.tgz#29e560593f5edb80b25fdab8b23f93ef8a91b31e"

markdown-it-container@^3.0.0:
  version "3.0.0"
  resolved "https://registry.yarnpkg.com/markdown-it-container/-/markdown-it-container-3.0.0.tgz#1d19b06040a020f9a827577bb7dbf67aa5de9a5b"

markdown-it-emoji@^2.0.0:
  version "2.0.0"
  resolved "https://registry.yarnpkg.com/markdown-it-emoji/-/markdown-it-emoji-2.0.0.tgz#3164ad4c009efd946e98274f7562ad611089a231"

markdown-it@^12.3.2:
  version "12.3.2"
  resolved "https://registry.yarnpkg.com/markdown-it/-/markdown-it-12.3.2.tgz#bf92ac92283fe983fe4de8ff8abfb5ad72cd0c90"
  dependencies:
    argparse "^2.0.1"
    entities "~2.1.0"
    linkify-it "^3.0.1"
    mdurl "^1.0.1"
    uc.micro "^1.0.5"

mdn-data@2.0.23:
  version "2.0.23"
  resolved "https://registry.yarnpkg.com/mdn-data/-/mdn-data-2.0.23.tgz#dfb6c41e50a0edb808cf340973ab29321b70808e"

mdurl@^1.0.1:
  version "1.0.1"
  resolved "https://registry.npmjs.org/mdurl/-/mdurl-1.0.1.tgz"

medium-zoom@^1.0.6:
  version "1.0.6"
  resolved "https://registry.yarnpkg.com/medium-zoom/-/medium-zoom-1.0.6.tgz#9247f21ca9313d8bbe9420aca153a410df08d027"

merge-stream@^2.0.0:
  version "2.0.0"
  resolved "https://registry.yarnpkg.com/merge-stream/-/merge-stream-2.0.0.tgz#52823629a14dd00c9770fb6ad47dc6310f2c1f60"

merge2@^1.3.0, merge2@^1.4.1:
  version "1.4.1"
  resolved "https://registry.yarnpkg.com/merge2/-/merge2-1.4.1.tgz#4368892f885e907455a6fd7dc55c0c9d404990ae"

micromatch@^4.0.4:
  version "4.0.4"
  resolved "https://registry.yarnpkg.com/micromatch/-/micromatch-4.0.4.tgz#896d519dfe9db25fce94ceb7a500919bf881ebf9"
  dependencies:
    braces "^3.0.1"
    picomatch "^2.2.3"

mimic-fn@^2.1.0:
  version "2.1.0"
  resolved "https://registry.yarnpkg.com/mimic-fn/-/mimic-fn-2.1.0.tgz#7ed2c2ccccaf84d3ffcb7a69b57711fc2083401b"

ms@2.1.2:
  version "2.1.2"
  resolved "https://registry.npmjs.org/ms/-/ms-2.1.2.tgz"

nanoid@^3.2.0:
  version "3.2.0"
  resolved "https://registry.yarnpkg.com/nanoid/-/nanoid-3.2.0.tgz#62667522da6673971cca916a6d3eff3f415ff80c"

neo-async@^2.6.2:
  version "2.6.2"
  resolved "https://registry.yarnpkg.com/neo-async/-/neo-async-2.6.2.tgz#b4aafb93e3aeb2d8174ca53cf163ab7d7308305f"

node-releases@^2.0.1:
  version "2.0.1"
  resolved "https://registry.npmjs.org/node-releases/-/node-releases-2.0.1.tgz"

normalize-path@^3.0.0, normalize-path@~3.0.0:
  version "3.0.0"
  resolved "https://registry.npmjs.org/normalize-path/-/normalize-path-3.0.0.tgz"

normalize-range@^0.1.2:
  version "0.1.2"
  resolved "https://registry.npmjs.org/normalize-range/-/normalize-range-0.1.2.tgz"

npm-run-path@^4.0.1:
  version "4.0.1"
  resolved "https://registry.yarnpkg.com/npm-run-path/-/npm-run-path-4.0.1.tgz#b7ecd1e5ed53da8e37a55e1c2269e0b97ed748ea"
  dependencies:
    path-key "^3.0.0"

nprogress@^0.2.0:
  version "0.2.0"
  resolved "https://registry.npmjs.org/nprogress/-/nprogress-0.2.0.tgz"

onetime@^5.1.0, onetime@^5.1.2:
  version "5.1.2"
  resolved "https://registry.yarnpkg.com/onetime/-/onetime-5.1.2.tgz#d0e96ebb56b07476df1dd9c4806e5237985ca45e"
  dependencies:
    mimic-fn "^2.1.0"

ora@^5.4.1:
  version "5.4.1"
  resolved "https://registry.yarnpkg.com/ora/-/ora-5.4.1.tgz#1b2678426af4ac4a509008e5e4ac9e9959db9e18"
  dependencies:
    bl "^4.1.0"
    chalk "^4.1.0"
    cli-cursor "^3.1.0"
    cli-spinners "^2.5.0"
    is-interactive "^1.0.0"
    is-unicode-supported "^0.1.0"
    log-symbols "^4.1.0"
    strip-ansi "^6.0.0"
    wcwidth "^1.0.1"

path-key@^3.0.0, path-key@^3.1.0:
  version "3.1.1"
  resolved "https://registry.yarnpkg.com/path-key/-/path-key-3.1.1.tgz#581f6ade658cbba65a0d3380de7753295054f375"

path-parse@^1.0.7:
  version "1.0.7"
  resolved "https://registry.npmjs.org/path-parse/-/path-parse-1.0.7.tgz"

path-type@^4.0.0:
  version "4.0.0"
  resolved "https://registry.yarnpkg.com/path-type/-/path-type-4.0.0.tgz#84ed01c0a7ba380afe09d90a8c180dcd9d03043b"

picocolors@^1.0.0:
  version "1.0.0"
  resolved "https://registry.npmjs.org/picocolors/-/picocolors-1.0.0.tgz"

picomatch@^2.0.4, picomatch@^2.2.1, picomatch@^2.2.3:
  version "2.3.1"
  resolved "https://registry.npmjs.org/picomatch/-/picomatch-2.3.1.tgz"

postcss-csso@^6.0.0:
  version "6.0.0"
  resolved "https://registry.yarnpkg.com/postcss-csso/-/postcss-csso-6.0.0.tgz#ff3ec8ce0694d797b75f7f7e10c4ac5a35e7780f"
  dependencies:
    csso "^5.0.1"

postcss-value-parser@^4.2.0:
  version "4.2.0"
  resolved "https://registry.yarnpkg.com/postcss-value-parser/-/postcss-value-parser-4.2.0.tgz#723c09920836ba6d3e5af019f92bc0971c02e514"

postcss@^8.1.10, postcss@^8.4.5:
  version "8.4.6"
  resolved "https://registry.yarnpkg.com/postcss/-/postcss-8.4.6.tgz#c5ff3c3c457a23864f32cb45ac9b741498a09ae1"
  dependencies:
    nanoid "^3.2.0"
    picocolors "^1.0.0"
    source-map-js "^1.0.2"

prismjs@^1.26.0:
  version "1.26.0"
  resolved "https://registry.yarnpkg.com/prismjs/-/prismjs-1.26.0.tgz#16881b594828bb6b45296083a8cbab46b0accd47"

queue-microtask@^1.2.2:
  version "1.2.3"
  resolved "https://registry.yarnpkg.com/queue-microtask/-/queue-microtask-1.2.3.tgz#4929228bbc724dfac43e0efb058caf7b6cfb6243"

readable-stream@^3.4.0:
  version "3.6.0"
  resolved "https://registry.yarnpkg.com/readable-stream/-/readable-stream-3.6.0.tgz#337bbda3adc0706bd3e024426a286d4b4b2c9198"
  dependencies:
    inherits "^2.0.3"
    string_decoder "^1.1.1"
    util-deprecate "^1.0.1"

readdirp@~3.6.0:
  version "3.6.0"
  resolved "https://registry.npmjs.org/readdirp/-/readdirp-3.6.0.tgz"
  dependencies:
    picomatch "^2.2.1"

resolve@^1.20.0:
  version "1.22.0"
  resolved "https://registry.yarnpkg.com/resolve/-/resolve-1.22.0.tgz#5e0b8c67c15df57a89bdbabe603a002f21731198"
  dependencies:
    is-core-module "^2.8.1"
    path-parse "^1.0.7"
    supports-preserve-symlinks-flag "^1.0.0"

restore-cursor@^3.1.0:
  version "3.1.0"
  resolved "https://registry.yarnpkg.com/restore-cursor/-/restore-cursor-3.1.0.tgz#39f67c54b3a7a58cea5236d95cf0034239631f7e"
  dependencies:
    onetime "^5.1.0"
    signal-exit "^3.0.2"

reusify@^1.0.4:
  version "1.0.4"
  resolved "https://registry.yarnpkg.com/reusify/-/reusify-1.0.4.tgz#90da382b1e126efc02146e90845a88db12925d76"

rollup@^2.59.0, rollup@^2.66.0:
  version "2.67.0"
  resolved "https://registry.yarnpkg.com/rollup/-/rollup-2.67.0.tgz#496de7e641dbe39f681c5a82419cb5013917d406"
  optionalDependencies:
    fsevents "~2.3.2"

run-parallel@^1.1.9:
  version "1.2.0"
  resolved "https://registry.yarnpkg.com/run-parallel/-/run-parallel-1.2.0.tgz#66d1368da7bdf921eb9d95bd1a9229e7f21a43ee"
  dependencies:
    queue-microtask "^1.2.2"

safe-buffer@~5.2.0:
  version "5.2.1"
  resolved "https://registry.npmjs.org/safe-buffer/-/safe-buffer-5.2.1.tgz"

sass-loader@^12.4.0:
  version "12.4.0"
  resolved "https://registry.yarnpkg.com/sass-loader/-/sass-loader-12.4.0.tgz#260b0d51a8a373bb8e88efc11f6ba5583fea0bcf"
  dependencies:
    klona "^2.0.4"
    neo-async "^2.6.2"

sass@^1.49.0:
  version "1.49.7"
  resolved "https://registry.yarnpkg.com/sass/-/sass-1.49.7.tgz#22a86a50552b9b11f71404dfad1b9ff44c6b0c49"
  dependencies:
    chokidar ">=3.0.0 <4.0.0"
    immutable "^4.0.0"
    source-map-js ">=0.6.2 <2.0.0"

section-matter@^1.0.0:
  version "1.0.0"
  resolved "https://registry.npmjs.org/section-matter/-/section-matter-1.0.0.tgz"
  dependencies:
    extend-shallow "^2.0.1"
    kind-of "^6.0.0"

shebang-command@^2.0.0:
  version "2.0.0"
  resolved "https://registry.yarnpkg.com/shebang-command/-/shebang-command-2.0.0.tgz#ccd0af4f8835fbdc265b82461aaf0c36663f34ea"
  dependencies:
    shebang-regex "^3.0.0"

shebang-regex@^3.0.0:
  version "3.0.0"
  resolved "https://registry.yarnpkg.com/shebang-regex/-/shebang-regex-3.0.0.tgz#ae16f1644d873ecad843b0307b143362d4c42172"

signal-exit@^3.0.2:
  version "3.0.6"
  resolved "https://registry.npmjs.org/signal-exit/-/signal-exit-3.0.6.tgz"

signal-exit@^3.0.3:
  version "3.0.7"
  resolved "https://registry.yarnpkg.com/signal-exit/-/signal-exit-3.0.7.tgz#a9a1767f8af84155114eaabd73f99273c8f59ad9"

slash@^3.0.0:
  version "3.0.0"
  resolved "https://registry.yarnpkg.com/slash/-/slash-3.0.0.tgz#6539be870c165adbd5240220dbe361f1bc4d4634"

"source-map-js@>=0.6.2 <2.0.0", source-map-js@^1.0.1, source-map-js@^1.0.2:
  version "1.0.2"
  resolved "https://registry.yarnpkg.com/source-map-js/-/source-map-js-1.0.2.tgz#adbc361d9c62df380125e7f161f71c826f1e490c"

source-map@^0.6.1:
  version "0.6.1"
  resolved "https://registry.npmjs.org/source-map/-/source-map-0.6.1.tgz"

sourcemap-codec@^1.4.4:
  version "1.4.8"
  resolved "https://registry.yarnpkg.com/sourcemap-codec/-/sourcemap-codec-1.4.8.tgz#ea804bd94857402e6992d05a38ef1ae35a9ab4c4"

sprintf-js@~1.0.2:
  version "1.0.3"
  resolved "https://registry.npmjs.org/sprintf-js/-/sprintf-js-1.0.3.tgz"

string_decoder@^1.1.1:
  version "1.3.0"
  resolved "https://registry.npmjs.org/string_decoder/-/string_decoder-1.3.0.tgz"
  dependencies:
    safe-buffer "~5.2.0"

strip-ansi@^6.0.0:
  version "6.0.1"
  resolved "https://registry.yarnpkg.com/strip-ansi/-/strip-ansi-6.0.1.tgz#9e26c63d30f53443e9489495b2105d37b67a85d9"
  dependencies:
    ansi-regex "^5.0.1"

strip-bom-string@^1.0.0:
  version "1.0.0"
  resolved "https://registry.npmjs.org/strip-bom-string/-/strip-bom-string-1.0.0.tgz"

strip-final-newline@^2.0.0:
  version "2.0.0"
  resolved "https://registry.yarnpkg.com/strip-final-newline/-/strip-final-newline-2.0.0.tgz#89b852fb2fcbe936f6f4b3187afb0a12c1ab58ad"

supports-color@^7.1.0:
  version "7.2.0"
  resolved "https://registry.npmjs.org/supports-color/-/supports-color-7.2.0.tgz"
  dependencies:
    has-flag "^4.0.0"

supports-preserve-symlinks-flag@^1.0.0:
  version "1.0.0"
  resolved "https://registry.npmjs.org/supports-preserve-symlinks-flag/-/supports-preserve-symlinks-flag-1.0.0.tgz"

to-regex-range@^5.0.1:
  version "5.0.1"
  resolved "https://registry.npmjs.org/to-regex-range/-/to-regex-range-5.0.1.tgz"
  dependencies:
    is-number "^7.0.0"

toml@^3.0.0:
  version "3.0.0"
  resolved "https://registry.npmjs.org/toml/-/toml-3.0.0.tgz"

ts-debounce@^4.0.0:
  version "4.0.0"
  resolved "https://registry.yarnpkg.com/ts-debounce/-/ts-debounce-4.0.0.tgz#33440ef64fab53793c3d546a8ca6ae539ec15841"

uc.micro@^1.0.1, uc.micro@^1.0.5:
  version "1.0.6"
  resolved "https://registry.npmjs.org/uc.micro/-/uc.micro-1.0.6.tgz"

universalify@^2.0.0:
  version "2.0.0"
  resolved "https://registry.yarnpkg.com/universalify/-/universalify-2.0.0.tgz#75a4984efedc4b08975c5aeb73f530d02df25717"

upath@^2.0.1:
  version "2.0.1"
  resolved "https://registry.yarnpkg.com/upath/-/upath-2.0.1.tgz#50c73dea68d6f6b990f51d279ce6081665d61a8b"

util-deprecate@^1.0.1:
  version "1.0.2"
  resolved "https://registry.npmjs.org/util-deprecate/-/util-deprecate-1.0.2.tgz"

vite@^2.7.13:
  version "2.7.13"
  resolved "https://registry.yarnpkg.com/vite/-/vite-2.7.13.tgz#99b56e27dfb1e4399e407cf94648f5c7fb9d77f5"
  dependencies:
    esbuild "^0.13.12"
    postcss "^8.4.5"
    resolve "^1.20.0"
    rollup "^2.59.0"
  optionalDependencies:
    fsevents "~2.3.2"

vue-demi@*:
  version "0.12.1"
  resolved "https://registry.yarnpkg.com/vue-demi/-/vue-demi-0.12.1.tgz#f7e18efbecffd11ab069d1472d7a06e319b4174c"

vue-router@^4.0.12:
  version "4.0.12"
  resolved "https://registry.yarnpkg.com/vue-router/-/vue-router-4.0.12.tgz#8dc792cddf5bb1abcc3908f9064136de7e13c460"
  dependencies:
    "@vue/devtools-api" "^6.0.0-beta.18"

vue@^3.2.28:
  version "3.2.29"
  resolved "https://registry.yarnpkg.com/vue/-/vue-3.2.29.tgz#3571b65dbd796d3a6347e2fd45a8e6e11c13d56a"
  dependencies:
    "@vue/compiler-dom" "3.2.29"
    "@vue/compiler-sfc" "3.2.29"
    "@vue/runtime-dom" "3.2.29"
    "@vue/server-renderer" "3.2.29"
    "@vue/shared" "3.2.29"

vuepress-vite@2.0.0-beta.35:
  version "2.0.0-beta.35"
  resolved "https://registry.yarnpkg.com/vuepress-vite/-/vuepress-vite-2.0.0-beta.35.tgz#22c031289df0a48fea6e41e0be9ecd3fc859401d"
  dependencies:
    "@vuepress/bundler-vite" "2.0.0-beta.35"
    "@vuepress/cli" "2.0.0-beta.35"
    "@vuepress/core" "2.0.0-beta.35"
    "@vuepress/theme-default" "2.0.0-beta.35"

vuepress@^2.0.0-beta.35:
  version "2.0.0-beta.35"
  resolved "https://registry.yarnpkg.com/vuepress/-/vuepress-2.0.0-beta.35.tgz#b5b0a36035e3f8f2aeb0beb1bf9ae976339fdf1e"
  dependencies:
    vuepress-vite "2.0.0-beta.35"

vuex@^4.0.2:
  version "4.0.2"
  resolved "https://registry.yarnpkg.com/vuex/-/vuex-4.0.2.tgz#f896dbd5bf2a0e963f00c67e9b610de749ccacc9"
  dependencies:
    "@vue/devtools-api" "^6.0.0-beta.11"

wcwidth@^1.0.1:
  version "1.0.1"
  resolved "https://registry.yarnpkg.com/wcwidth/-/wcwidth-1.0.1.tgz#f0b0dcf915bc5ff1528afadb2c0e17b532da2fe8"
  dependencies:
    defaults "^1.0.3"

which@^2.0.1:
  version "2.0.2"
  resolved "https://registry.yarnpkg.com/which/-/which-2.0.2.tgz#7c6a8dd0a636a0327e10b59c9286eee93f3f51b1"
  dependencies:
    isexe "^2.0.0"
